
Microsoft Visual Studio Solution File, Format Version 12.00
# Visual Studio Version 17
VisualStudioVersion = 17.11.35327.3
MinimumVisualStudioVersion = 10.0.40219.1
Project("{2150E333-8FDC-42A3-9474-1A3956D46DE8}") = "src", "src", "{63C01922-C78B-4CAB-8232-350EFF47BC0F}"
EndProject
Project("{FAE04EC0-301F-11D3-BF4B-00C04F79EFBC}") = "DotNet.RabbitMQ.Producer", "DotNet.RabbitMQ.Producer\DotNet.RabbitMQ.Producer.csproj", "{45B851CE-7D2C-4350-A5D9-88B17037DA37}"
EndProject
Project("{FAE04EC0-301F-11D3-BF4B-00C04F79EFBC}") = "DotNet.RabbitMQ.Subscriber", "DotNet.RabbitMQ.Subscriber\DotNet.RabbitMQ.Subscriber.csproj", "{2D2DE4BE-584A-45B0-BE70-BF01F9D2E0CD}"
EndProject
Global
	GlobalSection(SolutionConfigurationPlatforms) = preSolution
		Debug|Any CPU = Debug|Any CPU
		Release|Any CPU = Release|Any CPU
	EndGlobalSection
	GlobalSection(ProjectConfigurationPlatforms) = postSolution
		{45B851CE-7D2C-4350-A5D9-88B17037DA37}.Debug|Any CPU.ActiveCfg = Debug|Any CPU
		{45B851CE-7D2C-4350-A5D9-88B17037DA37}.Debug|Any CPU.Build.0 = Debug|Any CPU
		{45B851CE-7D2C-4350-A5D9-88B17037DA37}.Release|Any CPU.ActiveCfg = Release|Any CPU
		{45B851CE-7D2C-4350-A5D9-88B17037DA37}.Release|Any CPU.Build.0 = Release|Any CPU
		{2D2DE4BE-584A-45B0-BE70-BF01F9D2E0CD}.Debug|Any CPU.ActiveCfg = Debug|Any CPU
		{2D2DE4BE-584A-45B0-BE70-BF01F9D2E0CD}.Debug|Any CPU.Build.0 = Debug|Any CPU
		{2D2DE4BE-584A-45B0-BE70-BF01F9D2E0CD}.Release|Any CPU.ActiveCfg = Release|Any CPU
		{2D2DE4BE-584A-45B0-BE70-BF01F9D2E0CD}.Release|Any CPU.Build.0 = Release|Any CPU
	EndGlobalSection
	GlobalSection(SolutionProperties) = preSolution
		HideSolutionNode = FALSE
	EndGlobalSection
	GlobalSection(NestedProjects) = preSolution
		{45B851CE-7D2C-4350-A5D9-88B17037DA37} = {63C01922-C78B-4CAB-8232-350EFF47BC0F}
		{2D2DE4BE-584A-45B0-BE70-BF01F9D2E0CD} = {63C01922-C78B-4CAB-8232-350EFF47BC0F}
	EndGlobalSection
	GlobalSection(ExtensibilityGlobals) = postSolution
		SolutionGuid = {197E2125-7D44-4F96-B52E-74A9467D70AD}
	EndGlobalSection
EndGlobal
